// !$*UTF8*$!
{
	archiveVersion = 1;
	classes = {
	};
	objectVersion = 56;
	objects = {

/* Begin PBXBuildFile section */
		0B3F0D612A71844200A4C843 /* AppDelegate.swift in Sources */ = {isa = PBXBuildFile; fileRef = 0B3F0D602A71844200A4C843 /* AppDelegate.swift */; };
		0B3F0D632A71844200A4C843 /* SceneDelegate.swift in Sources */ = {isa = PBXBuildFile; fileRef = 0B3F0D622A71844200A4C843 /* SceneDelegate.swift */; };
		0B3F0D652A71844200A4C843 /* LoginViewController.swift in Sources */ = {isa = PBXBuildFile; fileRef = 0B3F0D642A71844200A4C843 /* LoginViewController.swift */; };
		0B3F0D6B2A71844200A4C843 /* BeaconFireProject1.xcdatamodeld in Sources */ = {isa = PBXBuildFile; fileRef = 0B3F0D692A71844200A4C843 /* BeaconFireProject1.xcdatamodeld */; };
		0B3F0D6D2A71844300A4C843 /* Assets.xcassets in Resources */ = {isa = PBXBuildFile; fileRef = 0B3F0D6C2A71844300A4C843 /* Assets.xcassets */; };
		0B3F0D702A71844300A4C843 /* LaunchScreen.storyboard in Resources */ = {isa = PBXBuildFile; fileRef = 0B3F0D6E2A71844300A4C843 /* LaunchScreen.storyboard */; };
		0B3F0D7C2A718C9D00A4C843 /* HomeViewController.swift in Sources */ = {isa = PBXBuildFile; fileRef = 0B3F0D7B2A718C9D00A4C843 /* HomeViewController.swift */; };
		0B3F0D7F2A718CC800A4C843 /* SettingViewController.swift in Sources */ = {isa = PBXBuildFile; fileRef = 0B3F0D7E2A718CC800A4C843 /* SettingViewController.swift */; };
		0B3F0D812A718CD600A4C843 /* RecipeDetailViewController.swift in Sources */ = {isa = PBXBuildFile; fileRef = 0B3F0D802A718CD600A4C843 /* RecipeDetailViewController.swift */; };
		0B3F0D832A718CE300A4C843 /* EditRecipeViewController.swift in Sources */ = {isa = PBXBuildFile; fileRef = 0B3F0D822A718CE300A4C843 /* EditRecipeViewController.swift */; };
		0B3F0D852A7190CB00A4C843 /* TagView.swift in Sources */ = {isa = PBXBuildFile; fileRef = 0B3F0D842A7190CB00A4C843 /* TagView.swift */; };
		0B3F0D872A7190E200A4C843 /* InputFieldView.swift in Sources */ = {isa = PBXBuildFile; fileRef = 0B3F0D862A7190E200A4C843 /* InputFieldView.swift */; };
		0B3F0D892A7190F000A4C843 /* IngredientView.swift in Sources */ = {isa = PBXBuildFile; fileRef = 0B3F0D882A7190F000A4C843 /* IngredientView.swift */; };
		0B3F0D8D2A71BD3100A4C843 /* HomeCategoriesViewModel.swift in Sources */ = {isa = PBXBuildFile; fileRef = 0B3F0D8C2A71BD3100A4C843 /* HomeCategoriesViewModel.swift */; };
		0B3F0D8F2A71BFD100A4C843 /* HomeCategoriesCell.swift in Sources */ = {isa = PBXBuildFile; fileRef = 0B3F0D8E2A71BFD100A4C843 /* HomeCategoriesCell.swift */; };
		0B3F0D912A71DE1C00A4C843 /* LoginViewModel.swift in Sources */ = {isa = PBXBuildFile; fileRef = 0B3F0D902A71DE1C00A4C843 /* LoginViewModel.swift */; };
		0B3F0D932A71E2BD00A4C843 /* RecipeModel.swift in Sources */ = {isa = PBXBuildFile; fileRef = 0B3F0D922A71E2BD00A4C843 /* RecipeModel.swift */; };
		0B3F0D952A71E2CD00A4C843 /* CategoryModel.swift in Sources */ = {isa = PBXBuildFile; fileRef = 0B3F0D942A71E2CD00A4C843 /* CategoryModel.swift */; };
		0B3F0D972A71E2DD00A4C843 /* IngredientModel.swift in Sources */ = {isa = PBXBuildFile; fileRef = 0B3F0D962A71E2DD00A4C843 /* IngredientModel.swift */; };
/* End PBXBuildFile section */

/* Begin PBXFileReference section */
		0B3F0D5D2A71844200A4C843 /* BeaconFireProject1.app */ = {isa = PBXFileReference; explicitFileType = wrapper.application; includeInIndex = 0; path = BeaconFireProject1.app; sourceTree = BUILT_PRODUCTS_DIR; };
		0B3F0D602A71844200A4C843 /* AppDelegate.swift */ = {isa = PBXFileReference; lastKnownFileType = sourcecode.swift; path = AppDelegate.swift; sourceTree = "<group>"; };
		0B3F0D622A71844200A4C843 /* SceneDelegate.swift */ = {isa = PBXFileReference; lastKnownFileType = sourcecode.swift; path = SceneDelegate.swift; sourceTree = "<group>"; };
		0B3F0D642A71844200A4C843 /* LoginViewController.swift */ = {isa = PBXFileReference; lastKnownFileType = sourcecode.swift; path = LoginViewController.swift; sourceTree = "<group>"; };
		0B3F0D6A2A71844200A4C843 /* BeaconFireProject1.xcdatamodel */ = {isa = PBXFileReference; lastKnownFileType = wrapper.xcdatamodel; path = BeaconFireProject1.xcdatamodel; sourceTree = "<group>"; };
		0B3F0D6C2A71844300A4C843 /* Assets.xcassets */ = {isa = PBXFileReference; lastKnownFileType = folder.assetcatalog; path = Assets.xcassets; sourceTree = "<group>"; };
		0B3F0D6F2A71844300A4C843 /* Base */ = {isa = PBXFileReference; lastKnownFileType = file.storyboard; name = Base; path = Base.lproj/LaunchScreen.storyboard; sourceTree = "<group>"; };
		0B3F0D712A71844300A4C843 /* Info.plist */ = {isa = PBXFileReference; lastKnownFileType = text.plist.xml; path = Info.plist; sourceTree = "<group>"; };
		0B3F0D7B2A718C9D00A4C843 /* HomeViewController.swift */ = {isa = PBXFileReference; lastKnownFileType = sourcecode.swift; path = HomeViewController.swift; sourceTree = "<group>"; };
		0B3F0D7E2A718CC800A4C843 /* SettingViewController.swift */ = {isa = PBXFileReference; lastKnownFileType = sourcecode.swift; path = SettingViewController.swift; sourceTree = "<group>"; };
		0B3F0D802A718CD600A4C843 /* RecipeDetailViewController.swift */ = {isa = PBXFileReference; lastKnownFileType = sourcecode.swift; path = RecipeDetailViewController.swift; sourceTree = "<group>"; };
		0B3F0D822A718CE300A4C843 /* EditRecipeViewController.swift */ = {isa = PBXFileReference; lastKnownFileType = sourcecode.swift; path = EditRecipeViewController.swift; sourceTree = "<group>"; };
		0B3F0D842A7190CB00A4C843 /* TagView.swift */ = {isa = PBXFileReference; lastKnownFileType = sourcecode.swift; path = TagView.swift; sourceTree = "<group>"; };
		0B3F0D862A7190E200A4C843 /* InputFieldView.swift */ = {isa = PBXFileReference; lastKnownFileType = sourcecode.swift; path = InputFieldView.swift; sourceTree = "<group>"; };
		0B3F0D882A7190F000A4C843 /* IngredientView.swift */ = {isa = PBXFileReference; lastKnownFileType = sourcecode.swift; path = IngredientView.swift; sourceTree = "<group>"; };
		0B3F0D8C2A71BD3100A4C843 /* HomeCategoriesViewModel.swift */ = {isa = PBXFileReference; lastKnownFileType = sourcecode.swift; path = HomeCategoriesViewModel.swift; sourceTree = "<group>"; };
		0B3F0D8E2A71BFD100A4C843 /* HomeCategoriesCell.swift */ = {isa = PBXFileReference; lastKnownFileType = sourcecode.swift; path = HomeCategoriesCell.swift; sourceTree = "<group>"; };
		0B3F0D902A71DE1C00A4C843 /* LoginViewModel.swift */ = {isa = PBXFileReference; lastKnownFileType = sourcecode.swift; path = LoginViewModel.swift; sourceTree = "<group>"; };
		0B3F0D922A71E2BD00A4C843 /* RecipeModel.swift */ = {isa = PBXFileReference; lastKnownFileType = sourcecode.swift; path = RecipeModel.swift; sourceTree = "<group>"; };
		0B3F0D942A71E2CD00A4C843 /* CategoryModel.swift */ = {isa = PBXFileReference; lastKnownFileType = sourcecode.swift; path = CategoryModel.swift; sourceTree = "<group>"; };
		0B3F0D962A71E2DD00A4C843 /* IngredientModel.swift */ = {isa = PBXFileReference; lastKnownFileType = sourcecode.swift; path = IngredientModel.swift; sourceTree = "<group>"; };
/* End PBXFileReference section */

/* Begin PBXFrameworksBuildPhase section */
		0B3F0D5A2A71844200A4C843 /* Frameworks */ = {
			isa = PBXFrameworksBuildPhase;
			buildActionMask = 2147483647;
			files = (
			);
			runOnlyForDeploymentPostprocessing = 0;
		};
/* End PBXFrameworksBuildPhase section */

/* Begin PBXGroup section */
		0B3F0D542A71844200A4C843 = {
			isa = PBXGroup;
			children = (
				0B3F0D5F2A71844200A4C843 /* BeaconFireProject1 */,
				0B3F0D5E2A71844200A4C843 /* Products */,
			);
			sourceTree = "<group>";
		};
		0B3F0D5E2A71844200A4C843 /* Products */ = {
			isa = PBXGroup;
			children = (
				0B3F0D5D2A71844200A4C843 /* BeaconFireProject1.app */,
			);
			name = Products;
			sourceTree = "<group>";
		};
		0B3F0D5F2A71844200A4C843 /* BeaconFireProject1 */ = {
			isa = PBXGroup;
			children = (
				0B3F0D7A2A718A5700A4C843 /* ViewModels */,
				0B3F0D792A718A4700A4C843 /* Models */,
				0B3F0D782A718A3F00A4C843 /* Views */,
				0B3F0D772A718A2E00A4C843 /* ViewControllers */,
				0B3F0D602A71844200A4C843 /* AppDelegate.swift */,
				0B3F0D622A71844200A4C843 /* SceneDelegate.swift */,
				0B3F0D6C2A71844300A4C843 /* Assets.xcassets */,
				0B3F0D6E2A71844300A4C843 /* LaunchScreen.storyboard */,
				0B3F0D712A71844300A4C843 /* Info.plist */,
				0B3F0D692A71844200A4C843 /* BeaconFireProject1.xcdatamodeld */,
			);
			path = BeaconFireProject1;
			sourceTree = "<group>";
		};
		0B3F0D772A718A2E00A4C843 /* ViewControllers */ = {
			isa = PBXGroup;
			children = (
				0B3F0D642A71844200A4C843 /* LoginViewController.swift */,
				0B3F0D7B2A718C9D00A4C843 /* HomeViewController.swift */,
				0B3F0D7E2A718CC800A4C843 /* SettingViewController.swift */,
				0B3F0D802A718CD600A4C843 /* RecipeDetailViewController.swift */,
				0B3F0D822A718CE300A4C843 /* EditRecipeViewController.swift */,
			);
			path = ViewControllers;
			sourceTree = "<group>";
		};
		0B3F0D782A718A3F00A4C843 /* Views */ = {
			isa = PBXGroup;
			children = (
				0B3F0D842A7190CB00A4C843 /* TagView.swift */,
				0B3F0D862A7190E200A4C843 /* InputFieldView.swift */,
				0B3F0D882A7190F000A4C843 /* IngredientView.swift */,
				0B3F0D8E2A71BFD100A4C843 /* HomeCategoriesCell.swift */,
			);
			path = Views;
			sourceTree = "<group>";
		};
		0B3F0D792A718A4700A4C843 /* Models */ = {
			isa = PBXGroup;
			children = (
				0B3F0D922A71E2BD00A4C843 /* RecipeModel.swift */,
				0B3F0D942A71E2CD00A4C843 /* CategoryModel.swift */,
				0B3F0D962A71E2DD00A4C843 /* IngredientModel.swift */,
			);
			path = Models;
			sourceTree = "<group>";
		};
		0B3F0D7A2A718A5700A4C843 /* ViewModels */ = {
			isa = PBXGroup;
			children = (
				0B3F0D8C2A71BD3100A4C843 /* HomeCategoriesViewModel.swift */,
				0B3F0D902A71DE1C00A4C843 /* LoginViewModel.swift */,
			);
			path = ViewModels;
			sourceTree = "<group>";
		};
/* End PBXGroup section */

/* Begin PBXNativeTarget section */
		0B3F0D5C2A71844200A4C843 /* BeaconFireProject1 */ = {
			isa = PBXNativeTarget;
			buildConfigurationList = 0B3F0D742A71844300A4C843 /* Build configuration list for PBXNativeTarget "BeaconFireProject1" */;
			buildPhases = (
				0B3F0D592A71844200A4C843 /* Sources */,
				0B3F0D5A2A71844200A4C843 /* Frameworks */,
				0B3F0D5B2A71844200A4C843 /* Resources */,
			);
			buildRules = (
			);
			dependencies = (
			);
			name = BeaconFireProject1;
			productName = BeaconFireProject1;
			productReference = 0B3F0D5D2A71844200A4C843 /* BeaconFireProject1.app */;
			productType = "com.apple.product-type.application";
		};
/* End PBXNativeTarget section */

/* Begin PBXProject section */
		0B3F0D552A71844200A4C843 /* Project object */ = {
			isa = PBXProject;
			attributes = {
				BuildIndependentTargetsInParallel = 1;
				LastSwiftUpdateCheck = 1430;
				LastUpgradeCheck = 1430;
				TargetAttributes = {
					0B3F0D5C2A71844200A4C843 = {
						CreatedOnToolsVersion = 14.3.1;
					};
				};
			};
			buildConfigurationList = 0B3F0D582A71844200A4C843 /* Build configuration list for PBXProject "BeaconFireProject1" */;
			compatibilityVersion = "Xcode 14.0";
			developmentRegion = en;
			hasScannedForEncodings = 0;
			knownRegions = (
				en,
				Base,
			);
			mainGroup = 0B3F0D542A71844200A4C843;
			productRefGroup = 0B3F0D5E2A71844200A4C843 /* Products */;
			projectDirPath = "";
			projectRoot = "";
			targets = (
				0B3F0D5C2A71844200A4C843 /* BeaconFireProject1 */,
			);
		};
/* End PBXProject section */

/* Begin PBXResourcesBuildPhase section */
		0B3F0D5B2A71844200A4C843 /* Resources */ = {
			isa = PBXResourcesBuildPhase;
			buildActionMask = 2147483647;
			files = (
				0B3F0D702A71844300A4C843 /* LaunchScreen.storyboard in Resources */,
				0B3F0D6D2A71844300A4C843 /* Assets.xcassets in Resources */,
			);
			runOnlyForDeploymentPostprocessing = 0;
		};
/* End PBXResourcesBuildPhase section */

/* Begin PBXSourcesBuildPhase section */
		0B3F0D592A71844200A4C843 /* Sources */ = {
			isa = PBXSourcesBuildPhase;
			buildActionMask = 2147483647;
			files = (
				0B3F0D7C2A718C9D00A4C843 /* HomeViewController.swift in Sources */,
				0B3F0D652A71844200A4C843 /* LoginViewController.swift in Sources */,
				0B3F0D932A71E2BD00A4C843 /* RecipeModel.swift in Sources */,
				0B3F0D812A718CD600A4C843 /* RecipeDetailViewController.swift in Sources */,
				0B3F0D6B2A71844200A4C843 /* BeaconFireProject1.xcdatamodeld in Sources */,
				0B3F0D972A71E2DD00A4C843 /* IngredientModel.swift in Sources */,
				0B3F0D612A71844200A4C843 /* AppDelegate.swift in Sources */,
				0B3F0D8F2A71BFD100A4C843 /* HomeCategoriesCell.swift in Sources */,
				0B3F0D912A71DE1C00A4C843 /* LoginViewModel.swift in Sources */,
				0B3F0D632A71844200A4C843 /* SceneDelegate.swift in Sources */,
				0B3F0D892A7190F000A4C843 /* IngredientView.swift in Sources */,
				0B3F0D832A718CE300A4C843 /* EditRecipeViewController.swift in Sources */,
				0B3F0D7F2A718CC800A4C843 /* SettingViewController.swift in Sources */,
				0B3F0D872A7190E200A4C843 /* InputFieldView.swift in Sources */,
				0B3F0D952A71E2CD00A4C843 /* CategoryModel.swift in Sources */,
				0B3F0D852A7190CB00A4C843 /* TagView.swift in Sources */,
				0B3F0D8D2A71BD3100A4C843 /* HomeCategoriesViewModel.swift in Sources */,
			);
			runOnlyForDeploymentPostprocessing = 0;
		};
/* End PBXSourcesBuildPhase section */

/* Begin PBXVariantGroup section */
		0B3F0D6E2A71844300A4C843 /* LaunchScreen.storyboard */ = {
			isa = PBXVariantGroup;
			children = (
				0B3F0D6F2A71844300A4C843 /* Base */,
			);
			name = LaunchScreen.storyboard;
			sourceTree = "<group>";
		};
/* End PBXVariantGroup section */

/* Begin XCBuildConfiguration section */
		0B3F0D722A71844300A4C843 /* Debug */ = {
			isa = XCBuildConfiguration;
			buildSettings = {
				ALWAYS_SEARCH_USER_PATHS = NO;
				CLANG_ANALYZER_NONNULL = YES;
				CLANG_ANALYZER_NUMBER_OBJECT_CONVERSION = YES_AGGRESSIVE;
				CLANG_CXX_LANGUAGE_STANDARD = "gnu++20";
				CLANG_ENABLE_MODULES = YES;
				CLANG_ENABLE_OBJC_ARC = YES;
				CLANG_ENABLE_OBJC_WEAK = YES;
				CLANG_WARN_BLOCK_CAPTURE_AUTORELEASING = YES;
				CLANG_WARN_BOOL_CONVERSION = YES;
				CLANG_WARN_COMMA = YES;
				CLANG_WARN_CONSTANT_CONVERSION = YES;
				CLANG_WARN_DEPRECATED_OBJC_IMPLEMENTATIONS = YES;
				CLANG_WARN_DIRECT_OBJC_ISA_USAGE = YES_ERROR;
				CLANG_WARN_DOCUMENTATION_COMMENTS = YES;
				CLANG_WARN_EMPTY_BODY = YES;
				CLANG_WARN_ENUM_CONVERSION = YES;
				CLANG_WARN_INFINITE_RECURSION = YES;
				CLANG_WARN_INT_CONVERSION = YES;
				CLANG_WARN_NON_LITERAL_NULL_CONVERSION = YES;
				CLANG_WARN_OBJC_IMPLICIT_RETAIN_SELF = YES;
				CLANG_WARN_OBJC_LITERAL_CONVERSION = YES;
				CLANG_WARN_OBJC_ROOT_CLASS = YES_ERROR;
				CLANG_WARN_QUOTED_INCLUDE_IN_FRAMEWORK_HEADER = YES;
				CLANG_WARN_RANGE_LOOP_ANALYSIS = YES;
				CLANG_WARN_STRICT_PROTOTYPES = YES;
				CLANG_WARN_SUSPICIOUS_MOVE = YES;
				CLANG_WARN_UNGUARDED_AVAILABILITY = YES_AGGRESSIVE;
				CLANG_WARN_UNREACHABLE_CODE = YES;
				CLANG_WARN__DUPLICATE_METHOD_MATCH = YES;
				COPY_PHASE_STRIP = NO;
				DEBUG_INFORMATION_FORMAT = dwarf;
				ENABLE_STRICT_OBJC_MSGSEND = YES;
				ENABLE_TESTABILITY = YES;
				GCC_C_LANGUAGE_STANDARD = gnu11;
				GCC_DYNAMIC_NO_PIC = NO;
				GCC_NO_COMMON_BLOCKS = YES;
				GCC_OPTIMIZATION_LEVEL = 0;
				GCC_PREPROCESSOR_DEFINITIONS = (
					"DEBUG=1",
					"$(inherited)",
				);
				GCC_WARN_64_TO_32_BIT_CONVERSION = YES;
				GCC_WARN_ABOUT_RETURN_TYPE = YES_ERROR;
				GCC_WARN_UNDECLARED_SELECTOR = YES;
				GCC_WARN_UNINITIALIZED_AUTOS = YES_AGGRESSIVE;
				GCC_WARN_UNUSED_FUNCTION = YES;
				GCC_WARN_UNUSED_VARIABLE = YES;
				IPHONEOS_DEPLOYMENT_TARGET = 16.4;
				MTL_ENABLE_DEBUG_INFO = INCLUDE_SOURCE;
				MTL_FAST_MATH = YES;
				ONLY_ACTIVE_ARCH = YES;
				SDKROOT = iphoneos;
				SWIFT_ACTIVE_COMPILATION_CONDITIONS = DEBUG;
				SWIFT_OPTIMIZATION_LEVEL = "-Onone";
			};
			name = Debug;
		};
		0B3F0D732A71844300A4C843 /* Release */ = {
			isa = XCBuildConfiguration;
			buildSettings = {
				ALWAYS_SEARCH_USER_PATHS = NO;
				CLANG_ANALYZER_NONNULL = YES;
				CLANG_ANALYZER_NUMBER_OBJECT_CONVERSION = YES_AGGRESSIVE;
				CLANG_CXX_LANGUAGE_STANDARD = "gnu++20";
				CLANG_ENABLE_MODULES = YES;
				CLANG_ENABLE_OBJC_ARC = YES;
				CLANG_ENABLE_OBJC_WEAK = YES;
				CLANG_WARN_BLOCK_CAPTURE_AUTORELEASING = YES;
				CLANG_WARN_BOOL_CONVERSION = YES;
				CLANG_WARN_COMMA = YES;
				CLANG_WARN_CONSTANT_CONVERSION = YES;
				CLANG_WARN_DEPRECATED_OBJC_IMPLEMENTATIONS = YES;
				CLANG_WARN_DIRECT_OBJC_ISA_USAGE = YES_ERROR;
				CLANG_WARN_DOCUMENTATION_COMMENTS = YES;
				CLANG_WARN_EMPTY_BODY = YES;
				CLANG_WARN_ENUM_CONVERSION = YES;
				CLANG_WARN_INFINITE_RECURSION = YES;
				CLANG_WARN_INT_CONVERSION = YES;
				CLANG_WARN_NON_LITERAL_NULL_CONVERSION = YES;
				CLANG_WARN_OBJC_IMPLICIT_RETAIN_SELF = YES;
				CLANG_WARN_OBJC_LITERAL_CONVERSION = YES;
				CLANG_WARN_OBJC_ROOT_CLASS = YES_ERROR;
				CLANG_WARN_QUOTED_INCLUDE_IN_FRAMEWORK_HEADER = YES;
				CLANG_WARN_RANGE_LOOP_ANALYSIS = YES;
				CLANG_WARN_STRICT_PROTOTYPES = YES;
				CLANG_WARN_SUSPICIOUS_MOVE = YES;
				CLANG_WARN_UNGUARDED_AVAILABILITY = YES_AGGRESSIVE;
				CLANG_WARN_UNREACHABLE_CODE = YES;
				CLANG_WARN__DUPLICATE_METHOD_MATCH = YES;
				COPY_PHASE_STRIP = NO;
				DEBUG_INFORMATION_FORMAT = "dwarf-with-dsym";
				ENABLE_NS_ASSERTIONS = NO;
				ENABLE_STRICT_OBJC_MSGSEND = YES;
				GCC_C_LANGUAGE_STANDARD = gnu11;
				GCC_NO_COMMON_BLOCKS = YES;
				GCC_WARN_64_TO_32_BIT_CONVERSION = YES;
				GCC_WARN_ABOUT_RETURN_TYPE = YES_ERROR;
				GCC_WARN_UNDECLARED_SELECTOR = YES;
				GCC_WARN_UNINITIALIZED_AUTOS = YES_AGGRESSIVE;
				GCC_WARN_UNUSED_FUNCTION = YES;
				GCC_WARN_UNUSED_VARIABLE = YES;
				IPHONEOS_DEPLOYMENT_TARGET = 16.4;
				MTL_ENABLE_DEBUG_INFO = NO;
				MTL_FAST_MATH = YES;
				SDKROOT = iphoneos;
				SWIFT_COMPILATION_MODE = wholemodule;
				SWIFT_OPTIMIZATION_LEVEL = "-O";
				VALIDATE_PRODUCT = YES;
			};
			name = Release;
		};
		0B3F0D752A71844300A4C843 /* Debug */ = {
			isa = XCBuildConfiguration;
			buildSettings = {
				ASSETCATALOG_COMPILER_APPICON_NAME = AppIcon;
				ASSETCATALOG_COMPILER_GLOBAL_ACCENT_COLOR_NAME = AccentColor;
				CODE_SIGN_STYLE = Automatic;
				CURRENT_PROJECT_VERSION = 1;
				DEVELOPMENT_TEAM = 3359WQ8RR8;
				GENERATE_INFOPLIST_FILE = YES;
				INFOPLIST_FILE = BeaconFireProject1/Info.plist;
				INFOPLIST_KEY_UIApplicationSupportsIndirectInputEvents = YES;
				INFOPLIST_KEY_UILaunchStoryboardName = LaunchScreen;
				INFOPLIST_KEY_UISupportedInterfaceOrientations_iPad = "UIInterfaceOrientationPortrait UIInterfaceOrientationPortraitUpsideDown UIInterfaceOrientationLandscapeLeft UIInterfaceOrientationLandscapeRight";
				INFOPLIST_KEY_UISupportedInterfaceOrientations_iPhone = "UIInterfaceOrientationPortrait UIInterfaceOrientationLandscapeLeft UIInterfaceOrientationLandscapeRight";
				LD_RUNPATH_SEARCH_PATHS = (
					"$(inherited)",
					"@executable_path/Frameworks",
				);
				MARKETING_VERSION = 1.0;
				PRODUCT_BUNDLE_IDENTIFIER = Self.BeaconFireProject1;
				PRODUCT_NAME = "$(TARGET_NAME)";
				SWIFT_EMIT_LOC_STRINGS = YES;
				SWIFT_VERSION = 5.0;
				TARGETED_DEVICE_FAMILY = "1,2";
			};
			name = Debug;
		};
		0B3F0D762A71844300A4C843 /* Release */ = {
			isa = XCBuildConfiguration;
			buildSettings = {
				ASSETCATALOG_COMPILER_APPICON_NAME = AppIcon;
				ASSETCATALOG_COMPILER_GLOBAL_ACCENT_COLOR_NAME = AccentColor;
				CODE_SIGN_STYLE = Automatic;
				CURRENT_PROJECT_VERSION = 1;
				DEVELOPMENT_TEAM = 3359WQ8RR8;
				GENERATE_INFOPLIST_FILE = YES;
				INFOPLIST_FILE = BeaconFireProject1/Info.plist;
				INFOPLIST_KEY_UIApplicationSupportsIndirectInputEvents = YES;
				INFOPLIST_KEY_UILaunchStoryboardName = LaunchScreen;
				INFOPLIST_KEY_UISupportedInterfaceOrientations_iPad = "UIInterfaceOrientationPortrait UIInterfaceOrientationPortraitUpsideDown UIInterfaceOrientationLandscapeLeft UIInterfaceOrientationLandscapeRight";
				INFOPLIST_KEY_UISupportedInterfaceOrientations_iPhone = "UIInterfaceOrientationPortrait UIInterfaceOrientationLandscapeLeft UIInterfaceOrientationLandscapeRight";
				LD_RUNPATH_SEARCH_PATHS = (
					"$(inherited)",
					"@executable_path/Frameworks",
				);
				MARKETING_VERSION = 1.0;
				PRODUCT_BUNDLE_IDENTIFIER = Self.BeaconFireProject1;
				PRODUCT_NAME = "$(TARGET_NAME)";
				SWIFT_EMIT_LOC_STRINGS = YES;
				SWIFT_VERSION = 5.0;
				TARGETED_DEVICE_FAMILY = "1,2";
			};
			name = Release;
		};
/* End XCBuildConfiguration section */

/* Begin XCConfigurationList section */
		0B3F0D582A71844200A4C843 /* Build configuration list for PBXProject "BeaconFireProject1" */ = {
			isa = XCConfigurationList;
			buildConfigurations = (
				0B3F0D722A71844300A4C843 /* Debug */,
				0B3F0D732A71844300A4C843 /* Release */,
			);
			defaultConfigurationIsVisible = 0;
			defaultConfigurationName = Release;
		};
		0B3F0D742A71844300A4C843 /* Build configuration list for PBXNativeTarget "BeaconFireProject1" */ = {
			isa = XCConfigurationList;
			buildConfigurations = (
				0B3F0D752A71844300A4C843 /* Debug */,
				0B3F0D762A71844300A4C843 /* Release */,
			);
			defaultConfigurationIsVisible = 0;
			defaultConfigurationName = Release;
		};
/* End XCConfigurationList section */

/* Begin XCVersionGroup section */
		0B3F0D692A71844200A4C843 /* BeaconFireProject1.xcdatamodeld */ = {
			isa = XCVersionGroup;
			children = (
				0B3F0D6A2A71844200A4C843 /* BeaconFireProject1.xcdatamodel */,
			);
			currentVersion = 0B3F0D6A2A71844200A4C843 /* BeaconFireProject1.xcdatamodel */;
			path = BeaconFireProject1.xcdatamodeld;
			sourceTree = "<group>";
			versionGroupType = wrapper.xcdatamodel;
		};
/* End XCVersionGroup section */
	};
	rootObject = 0B3F0D552A71844200A4C843 /* Project object */;
}
